
Microsoft Visual Studio Solution File, Format Version 12.00
# Visual Studio 15
VisualStudioVersion = 15.0.28307.779
MinimumVisualStudioVersion = 10.0.40219.1
Project("{FAE04EC0-301F-11D3-BF4B-00C04F79EFBC}") = "FlappyBird", "FlappyBird\FlappyBird.csproj", "{91545611-CF58-417F-9991-7057B49482AB}"
EndProject
Global
	GlobalSection(SolutionConfigurationPlatforms) = preSolution
		Debug|x86 = Debug|x86
		Release|x86 = Release|x86
	EndGlobalSection
	GlobalSection(ProjectConfigurationPlatforms) = postSolution
		{91545611-CF58-417F-9991-7057B49482AB}.Debug|x86.ActiveCfg = Debug|x86
		{91545611-CF58-417F-9991-7057B49482AB}.Debug|x86.Build.0 = Debug|x86
		{91545611-CF58-417F-9991-7057B49482AB}.Release|x86.ActiveCfg = Release|x86
		{91545611-CF58-417F-9991-7057B49482AB}.Release|x86.Build.0 = Release|x86
	EndGlobalSection
	GlobalSection(SolutionProperties) = preSolution
		HideSolutionNode = FALSE
	EndGlobalSection
	GlobalSection(ExtensibilityGlobals) = postSolution
		SolutionGuid = {34A1E8B9-BA1D-4769-A5E6-6EA1AC1A84A4}
	EndGlobalSection
EndGlobal
